
Microsoft Visual Studio Solution File, Format Version 12.00
# Visual Studio Version 17
VisualStudioVersion = 17.1.32328.378
MinimumVisualStudioVersion = 10.0.40219.1
Project("{FAE04EC0-301F-11D3-BF4B-00C04F79EFBC}") = "APIReview", "APIReview.csproj", "{891059D4-1AC8-412E-9761-63FE5CCC592D}"
EndProject
Global
	GlobalSection(SolutionConfigurationPlatforms) = preSolution
		Debug|Any CPU = Debug|Any CPU
		Release|Any CPU = Release|Any CPU
	EndGlobalSection
	GlobalSection(ProjectConfigurationPlatforms) = postSolution
		{891059D4-1AC8-412E-9761-63FE5CCC592D}.Debug|Any CPU.ActiveCfg = Debug|Any CPU
		{891059D4-1AC8-412E-9761-63FE5CCC592D}.Debug|Any CPU.Build.0 = Debug|Any CPU
		{891059D4-1AC8-412E-9761-63FE5CCC592D}.Release|Any CPU.ActiveCfg = Release|Any CPU
		{891059D4-1AC8-412E-9761-63FE5CCC592D}.Release|Any CPU.Build.0 = Release|Any CPU
	EndGlobalSection
	GlobalSection(SolutionProperties) = preSolution
		HideSolutionNode = FALSE
	EndGlobalSection
	GlobalSection(ExtensibilityGlobals) = postSolution
		SolutionGuid = {C0775983-2428-43F4-B761-ECC6D42C71FE}
	EndGlobalSection
EndGlobal
